%{
  "elixir_make": {:hex, :elixir_make, "0.6.2", "7dffacd77dec4c37b39af867cedaabb0b59f6a871f89722c25b28fcd4bd70530", [:mix], [], "hexpm", "03e49eadda22526a7e5279d53321d1cced6552f344ba4e03e619063de75348d9"},
  "font_metrics": {:hex, :font_metrics, "0.3.1", "025ff9957040eb4d6430c306a4445bad5d9f43ec24448c1647df7cb63b5dd88c", [:mix], [{:msgpax, "~> 2.2", [hex: :msgpax, repo: "hexpm", optional: false]}], "hexpm", "6dff6525d49d84173ce20b4cba2457b2289e83bcc2be19c2aa761dbe9f631033"},
  "input_event": {:hex, :input_event, "0.4.2", "d13cbb3d80f9c74de91ad8586183958eeab4450fc27c6637dc3c069f3b53b64a", [:make, :mix], [{:elixir_make, "~> 0.6", [hex: :elixir_make, repo: "hexpm", optional: false]}], "hexpm", "8cf4ceaf34476e7064820c5486942fd29e51294c5deb628574fd93af0e84f793"},
  "msgpax": {:hex, :msgpax, "2.3.0", "14f52ad249a3f77b5e2d59f6143e6c18a6e74f34666989e22bac0a465f9835cc", [:mix], [{:plug, "~> 1.0", [hex: :plug, repo: "hexpm", optional: true]}], "hexpm", "65c36846a62ed5615baf7d7d47babb6541313a6c0b6d2ff19354bd518f52df7e"},
  "nimble_options": {:hex, :nimble_options, "0.3.5", "a4f6820cdcb4ee444afd78635f323e58e8a5ddf2fbbe9b9d283a99f972034bae", [:mix], [], "hexpm", "f5507cc90033a8d12769522009c80aa9164af6bab245dbd4ad421d008455f1e1"},
  "scenic": {:hex, :scenic, "0.10.4", "1ecb77795a8ac65ad2242a31a6f3bcbb3c2eb107f0bef57e074b657cfd489229", [:make, :mix], [{:elixir_make, "~> 0.6", [hex: :elixir_make, repo: "hexpm", optional: false]}, {:font_metrics, "~> 0.3", [hex: :font_metrics, repo: "hexpm", optional: false]}], "hexpm", "d4c0b7f2bd620260e6b80779e1b81cdf9d0f83495cb3bd295373925043da3cce"},
  "scenic_driver_nerves_rpi": {:hex, :scenic_driver_nerves_rpi, "0.10.1", "1479d24b9e91e989eef28d6bc6be6cb864e7a60cfb831bef53ead6a37b1502ac", [:make, :mix], [{:elixir_make, "~> 0.6", [hex: :elixir_make, repo: "hexpm", optional: false]}, {:scenic, "~> 0.10", [hex: :scenic, repo: "hexpm", optional: false]}], "hexpm", "4a3995b3eb4a246fa9e1f282b56885a1f2bc41a6bf57bd98ce10437365f6fa35"},
}
